
Microsoft Visual Studio Solution File, Format Version 12.00
# Visual Studio Version 17
VisualStudioVersion = 17.3.32929.385
MinimumVisualStudioVersion = 10.0.40219.1
Project("{FAE04EC0-301F-11D3-BF4B-00C04F79EFBC}") = "WpfApp1", "WpfApp1\WpfApp1.csproj", "{D5DBCE2B-62C2-4BD1-B9D7-79A9C9E0FC84}"
EndProject
Global
	GlobalSection(SolutionConfigurationPlatforms) = preSolution
		Debug|Any CPU = Debug|Any CPU
		Release|Any CPU = Release|Any CPU
	EndGlobalSection
	GlobalSection(ProjectConfigurationPlatforms) = postSolution
		{D5DBCE2B-62C2-4BD1-B9D7-79A9C9E0FC84}.Debug|Any CPU.ActiveCfg = Debug|Any CPU
		{D5DBCE2B-62C2-4BD1-B9D7-79A9C9E0FC84}.Debug|Any CPU.Build.0 = Debug|Any CPU
		{D5DBCE2B-62C2-4BD1-B9D7-79A9C9E0FC84}.Release|Any CPU.ActiveCfg = Release|Any CPU
		{D5DBCE2B-62C2-4BD1-B9D7-79A9C9E0FC84}.Release|Any CPU.Build.0 = Release|Any CPU
	EndGlobalSection
	GlobalSection(SolutionProperties) = preSolution
		HideSolutionNode = FALSE
	EndGlobalSection
	GlobalSection(ExtensibilityGlobals) = postSolution
		SolutionGuid = {16CDE8D4-B7C6-48DB-A6EF-2C765B497ADC}
	EndGlobalSection
EndGlobal
